// !$*UTF8*$!
{
	archiveVersion = 1;
	classes = {
	};
	objectVersion = 50;
	objects = {

/* Begin PBXBuildFile section */
		0E894751CDF425426F6FA828 /* Pods_Boat_ControlTests.framework in Frameworks */ = {isa = PBXBuildFile; fileRef = BDE0F4E09DA6378B6B316CFF /* Pods_Boat_ControlTests.framework */; };
		22EAA1E8E8A459E138D7608B /* Pods_Boat_Control.framework in Frameworks */ = {isa = PBXBuildFile; fileRef = 19D2E29E850C5AA6085ACE3F /* Pods_Boat_Control.framework */; };
		D33D0B8420EAC8680073527D /* NMEAReceiverDelegate.swift in Sources */ = {isa = PBXBuildFile; fileRef = D33D0B8320EAC8680073527D /* NMEAReceiverDelegate.swift */; };
		D33D0B8620EC03240073527D /* Navigation.swift in Sources */ = {isa = PBXBuildFile; fileRef = D33D0B8520EC03240073527D /* Navigation.swift */; };
		D33D0B8820EC17F80073527D /* ModelManagerDelegate.swift in Sources */ = {isa = PBXBuildFile; fileRef = D33D0B8720EC17F80073527D /* ModelManagerDelegate.swift */; };
		D33D0B8A20ED44640073527D /* SwinjectStoryboard.swift in Sources */ = {isa = PBXBuildFile; fileRef = D33D0B8920ED44640073527D /* SwinjectStoryboard.swift */; };
		D33D0B8C20ED549D0073527D /* WindHistoryViewController.swift in Sources */ = {isa = PBXBuildFile; fileRef = D33D0B8B20ED549D0073527D /* WindHistoryViewController.swift */; };
		D33D0B8F20ED59070073527D /* NumberView.xib in Resources */ = {isa = PBXBuildFile; fileRef = D33D0B8E20ED59070073527D /* NumberView.xib */; };
		D33D0B9120ED5E770073527D /* NumberView.swift in Sources */ = {isa = PBXBuildFile; fileRef = D33D0B9020ED5E770073527D /* NumberView.swift */; };
		D33D0B9720EE5B010073527D /* GeoMagneticField.swift in Sources */ = {isa = PBXBuildFile; fileRef = D33D0B9620EE5B010073527D /* GeoMagneticField.swift */; };
		D33D0B9920EE5B1F0073527D /* GeoMagneticFieldTests.swift in Sources */ = {isa = PBXBuildFile; fileRef = D33D0B9820EE5B1F0073527D /* GeoMagneticFieldTests.swift */; };
		D3A4396420F3F75E00D348D8 /* NavigationLogViewController.swift in Sources */ = {isa = PBXBuildFile; fileRef = D3A4396320F3F75E00D348D8 /* NavigationLogViewController.swift */; };
		D3A4396620F4071700D348D8 /* NavigationHistory.swift in Sources */ = {isa = PBXBuildFile; fileRef = D3A4396520F4071700D348D8 /* NavigationHistory.swift */; };
		D3B3EC7320DED758004CBB9D /* AppDelegate.swift in Sources */ = {isa = PBXBuildFile; fileRef = D3B3EC7220DED757004CBB9D /* AppDelegate.swift */; };
		D3B3EC7C20DED758004CBB9D /* Main.storyboard in Resources */ = {isa = PBXBuildFile; fileRef = D3B3EC7A20DED758004CBB9D /* Main.storyboard */; };
		D3B3EC7E20DED75B004CBB9D /* Assets.xcassets in Resources */ = {isa = PBXBuildFile; fileRef = D3B3EC7D20DED75B004CBB9D /* Assets.xcassets */; };
		D3B3EC8120DED75B004CBB9D /* LaunchScreen.storyboard in Resources */ = {isa = PBXBuildFile; fileRef = D3B3EC7F20DED75B004CBB9D /* LaunchScreen.storyboard */; };
		D3B3EC8C20DED75B004CBB9D /* Boat_ControlTests.swift in Sources */ = {isa = PBXBuildFile; fileRef = D3B3EC8B20DED75B004CBB9D /* Boat_ControlTests.swift */; };
		D3B3EC9920DED841004CBB9D /* Flat-it - StereoGothic-800.otf in Resources */ = {isa = PBXBuildFile; fileRef = D3B3EC9820DED841004CBB9D /* Flat-it - StereoGothic-800.otf */; };
		D3B3EC9C20DFD4C2004CBB9D /* Queue.swift in Sources */ = {isa = PBXBuildFile; fileRef = D3B3EC9B20DFD4C2004CBB9D /* Queue.swift */; };
		D3B3EC9F20DFD567004CBB9D /* QueueTests.swift in Sources */ = {isa = PBXBuildFile; fileRef = D3B3EC9E20DFD567004CBB9D /* QueueTests.swift */; };
		D3B3ECA220DFDA25004CBB9D /* RootViewController.swift in Sources */ = {isa = PBXBuildFile; fileRef = D3B3ECA120DFDA25004CBB9D /* RootViewController.swift */; };
		D3B3ECA420DFDC53004CBB9D /* NmeaLogViewController.swift in Sources */ = {isa = PBXBuildFile; fileRef = D3B3ECA320DFDC53004CBB9D /* NmeaLogViewController.swift */; };
		D3B3ECA620DFDF65004CBB9D /* Settings.bundle in Resources */ = {isa = PBXBuildFile; fileRef = D3B3ECA520DFDF65004CBB9D /* Settings.bundle */; };
		D3B3ECA820E03734004CBB9D /* SettingsViewController.swift in Sources */ = {isa = PBXBuildFile; fileRef = D3B3ECA720E03733004CBB9D /* SettingsViewController.swift */; };
		D3B3ECAB20E23FCE004CBB9D /* NMEAReceiverManager.swift in Sources */ = {isa = PBXBuildFile; fileRef = D3B3ECAA20E23FCE004CBB9D /* NMEAReceiverManager.swift */; };
		D3B3ECAD20E25908004CBB9D /* CocoaAsyncSocket.framework in Frameworks */ = {isa = PBXBuildFile; fileRef = D3B3ECAC20E25908004CBB9D /* CocoaAsyncSocket.framework */; };
		D3B3ECAF20E2BD8C004CBB9D /* NotificationNames.swift in Sources */ = {isa = PBXBuildFile; fileRef = D3B3ECAE20E2BD8C004CBB9D /* NotificationNames.swift */; };
		D3B3ECB220E2C824004CBB9D /* NMEAParser.swift in Sources */ = {isa = PBXBuildFile; fileRef = D3B3ECB120E2C824004CBB9D /* NMEAParser.swift */; };
		D3B3ECB420E2C846004CBB9D /* NMEA_MWV.swift in Sources */ = {isa = PBXBuildFile; fileRef = D3B3ECB320E2C846004CBB9D /* NMEA_MWV.swift */; };
		D3B3ECB620E2C86E004CBB9D /* NMEA_BASE.swift in Sources */ = {isa = PBXBuildFile; fileRef = D3B3ECB520E2C86E004CBB9D /* NMEA_BASE.swift */; };
		D3B3ECB820E41F3E004CBB9D /* NMEA_RMC.swift in Sources */ = {isa = PBXBuildFile; fileRef = D3B3ECB720E41F3E004CBB9D /* NMEA_RMC.swift */; };
		D3B3ECBA20E41F73004CBB9D /* NMEA_GGA.swift in Sources */ = {isa = PBXBuildFile; fileRef = D3B3ECB920E41F73004CBB9D /* NMEA_GGA.swift */; };
		D3B3ECBC20E41FA6004CBB9D /* NMEA_GLL.swift in Sources */ = {isa = PBXBuildFile; fileRef = D3B3ECBB20E41FA6004CBB9D /* NMEA_GLL.swift */; };
		D3B3ECBE20E56B97004CBB9D /* GPSQualityIndicator.swift in Sources */ = {isa = PBXBuildFile; fileRef = D3B3ECBD20E56B97004CBB9D /* GPSQualityIndicator.swift */; };
		D3B3ECC020E578B4004CBB9D /* WindSpeedUnits.swift in Sources */ = {isa = PBXBuildFile; fileRef = D3B3ECBF20E578B4004CBB9D /* WindSpeedUnits.swift */; };
		D3B3ECC220E7BD83004CBB9D /* NMEASentences.swift in Sources */ = {isa = PBXBuildFile; fileRef = D3B3ECC120E7BD83004CBB9D /* NMEASentences.swift */; };
		D3B3ECC520E8235C004CBB9D /* Wind.swift in Sources */ = {isa = PBXBuildFile; fileRef = D3B3ECC420E8235C004CBB9D /* Wind.swift */; };
		D3B3ECC720E8244A004CBB9D /* WindHistory.swift in Sources */ = {isa = PBXBuildFile; fileRef = D3B3ECC620E8244A004CBB9D /* WindHistory.swift */; };
		D3B3ECC920E8326D004CBB9D /* ModelManager.swift in Sources */ = {isa = PBXBuildFile; fileRef = D3B3ECC820E8326D004CBB9D /* ModelManager.swift */; };
		D3B3ECCC20E95333004CBB9D /* WindAWATests.swift in Sources */ = {isa = PBXBuildFile; fileRef = D3B3ECCB20E95333004CBB9D /* WindAWATests.swift */; };
		D3B3ECCE20E95728004CBB9D /* WindAWSTests.swift in Sources */ = {isa = PBXBuildFile; fileRef = D3B3ECCD20E95728004CBB9D /* WindAWSTests.swift */; };
		D3B3ECD020E95789004CBB9D /* WindAWDTests.swift in Sources */ = {isa = PBXBuildFile; fileRef = D3B3ECCF20E95789004CBB9D /* WindAWDTests.swift */; };
		D3B3ECD220E95972004CBB9D /* WindTWSTests.swift in Sources */ = {isa = PBXBuildFile; fileRef = D3B3ECD120E95972004CBB9D /* WindTWSTests.swift */; };
		D3B3ECD420E95AF4004CBB9D /* DoubleExtensions.swift in Sources */ = {isa = PBXBuildFile; fileRef = D3B3ECD320E95AF4004CBB9D /* DoubleExtensions.swift */; };
		D3B3ECD620E95C93004CBB9D /* WindTWDTests.swift in Sources */ = {isa = PBXBuildFile; fileRef = D3B3ECD520E95C93004CBB9D /* WindTWDTests.swift */; };
		D3B3ECD820E95FBD004CBB9D /* WindTWATests.swift in Sources */ = {isa = PBXBuildFile; fileRef = D3B3ECD720E95FBD004CBB9D /* WindTWATests.swift */; };
		D3B3ECDA20EABDB0004CBB9D /* NMEA_HDG.swift in Sources */ = {isa = PBXBuildFile; fileRef = D3B3ECD920EABDB0004CBB9D /* NMEA_HDG.swift */; };
		D3B3ECDC20EAC4A1004CBB9D /* NMEA_VHW.swift in Sources */ = {isa = PBXBuildFile; fileRef = D3B3ECDB20EAC4A1004CBB9D /* NMEA_VHW.swift */; };
/* End PBXBuildFile section */

/* Begin PBXContainerItemProxy section */
		D3B3EC8820DED75B004CBB9D /* PBXContainerItemProxy */ = {
			isa = PBXContainerItemProxy;
			containerPortal = D3B3EC6720DED757004CBB9D /* Project object */;
			proxyType = 1;
			remoteGlobalIDString = D3B3EC6E20DED757004CBB9D;
			remoteInfo = "Boat Control";
		};
/* End PBXContainerItemProxy section */

/* Begin PBXFileReference section */
		0C4E67BC5D8EBEAD462D819B /* Pods-Boat ControlTests.debug.xcconfig */ = {isa = PBXFileReference; includeInIndex = 1; lastKnownFileType = text.xcconfig; name = "Pods-Boat ControlTests.debug.xcconfig"; path = "Pods/Target Support Files/Pods-Boat ControlTests/Pods-Boat ControlTests.debug.xcconfig"; sourceTree = "<group>"; };
		19D2E29E850C5AA6085ACE3F /* Pods_Boat_Control.framework */ = {isa = PBXFileReference; explicitFileType = wrapper.framework; includeInIndex = 0; path = Pods_Boat_Control.framework; sourceTree = BUILT_PRODUCTS_DIR; };
		1D7200835B283086B924912F /* Pods-Boat ControlTests.release.xcconfig */ = {isa = PBXFileReference; includeInIndex = 1; lastKnownFileType = text.xcconfig; name = "Pods-Boat ControlTests.release.xcconfig"; path = "Pods/Target Support Files/Pods-Boat ControlTests/Pods-Boat ControlTests.release.xcconfig"; sourceTree = "<group>"; };
		6D2FD4FE348E2FE17026DEE6 /* Pods-Boat Control.release.xcconfig */ = {isa = PBXFileReference; includeInIndex = 1; lastKnownFileType = text.xcconfig; name = "Pods-Boat Control.release.xcconfig"; path = "Pods/Target Support Files/Pods-Boat Control/Pods-Boat Control.release.xcconfig"; sourceTree = "<group>"; };
		BDE0F4E09DA6378B6B316CFF /* Pods_Boat_ControlTests.framework */ = {isa = PBXFileReference; explicitFileType = wrapper.framework; includeInIndex = 0; path = Pods_Boat_ControlTests.framework; sourceTree = BUILT_PRODUCTS_DIR; };
		CFA2FD59736DA70A91F60C8E /* Pods-Boat Control.debug.xcconfig */ = {isa = PBXFileReference; includeInIndex = 1; lastKnownFileType = text.xcconfig; name = "Pods-Boat Control.debug.xcconfig"; path = "Pods/Target Support Files/Pods-Boat Control/Pods-Boat Control.debug.xcconfig"; sourceTree = "<group>"; };
		D33D0B8320EAC8680073527D /* NMEAReceiverDelegate.swift */ = {isa = PBXFileReference; lastKnownFileType = sourcecode.swift; path = NMEAReceiverDelegate.swift; sourceTree = "<group>"; };
		D33D0B8520EC03240073527D /* Navigation.swift */ = {isa = PBXFileReference; lastKnownFileType = sourcecode.swift; path = Navigation.swift; sourceTree = "<group>"; };
		D33D0B8720EC17F80073527D /* ModelManagerDelegate.swift */ = {isa = PBXFileReference; lastKnownFileType = sourcecode.swift; path = ModelManagerDelegate.swift; sourceTree = "<group>"; };
		D33D0B8920ED44640073527D /* SwinjectStoryboard.swift */ = {isa = PBXFileReference; lastKnownFileType = sourcecode.swift; path = SwinjectStoryboard.swift; sourceTree = "<group>"; };
		D33D0B8B20ED549D0073527D /* WindHistoryViewController.swift */ = {isa = PBXFileReference; lastKnownFileType = sourcecode.swift; path = WindHistoryViewController.swift; sourceTree = "<group>"; };
		D33D0B8E20ED59070073527D /* NumberView.xib */ = {isa = PBXFileReference; lastKnownFileType = file.xib; path = NumberView.xib; sourceTree = "<group>"; };
		D33D0B9020ED5E770073527D /* NumberView.swift */ = {isa = PBXFileReference; lastKnownFileType = sourcecode.swift; path = NumberView.swift; sourceTree = "<group>"; };
		D33D0B9620EE5B010073527D /* GeoMagneticField.swift */ = {isa = PBXFileReference; lastKnownFileType = sourcecode.swift; path = GeoMagneticField.swift; sourceTree = "<group>"; };
		D33D0B9820EE5B1F0073527D /* GeoMagneticFieldTests.swift */ = {isa = PBXFileReference; lastKnownFileType = sourcecode.swift; path = GeoMagneticFieldTests.swift; sourceTree = "<group>"; };
		D3A4396320F3F75E00D348D8 /* NavigationLogViewController.swift */ = {isa = PBXFileReference; lastKnownFileType = sourcecode.swift; path = NavigationLogViewController.swift; sourceTree = "<group>"; };
		D3A4396520F4071700D348D8 /* NavigationHistory.swift */ = {isa = PBXFileReference; lastKnownFileType = sourcecode.swift; path = NavigationHistory.swift; sourceTree = "<group>"; };
		D3B3EC6F20DED757004CBB9D /* Boat Control.app */ = {isa = PBXFileReference; explicitFileType = wrapper.application; includeInIndex = 0; path = "Boat Control.app"; sourceTree = BUILT_PRODUCTS_DIR; };
		D3B3EC7220DED757004CBB9D /* AppDelegate.swift */ = {isa = PBXFileReference; lastKnownFileType = sourcecode.swift; path = AppDelegate.swift; sourceTree = "<group>"; };
		D3B3EC7B20DED758004CBB9D /* Base */ = {isa = PBXFileReference; lastKnownFileType = file.storyboard; name = Base; path = Base.lproj/Main.storyboard; sourceTree = "<group>"; };
		D3B3EC7D20DED75B004CBB9D /* Assets.xcassets */ = {isa = PBXFileReference; lastKnownFileType = folder.assetcatalog; path = Assets.xcassets; sourceTree = "<group>"; };
		D3B3EC8020DED75B004CBB9D /* Base */ = {isa = PBXFileReference; lastKnownFileType = file.storyboard; name = Base; path = Base.lproj/LaunchScreen.storyboard; sourceTree = "<group>"; };
		D3B3EC8220DED75B004CBB9D /* Info.plist */ = {isa = PBXFileReference; lastKnownFileType = text.plist.xml; path = Info.plist; sourceTree = "<group>"; };
		D3B3EC8720DED75B004CBB9D /* Boat ControlTests.xctest */ = {isa = PBXFileReference; explicitFileType = wrapper.cfbundle; includeInIndex = 0; path = "Boat ControlTests.xctest"; sourceTree = BUILT_PRODUCTS_DIR; };
		D3B3EC8B20DED75B004CBB9D /* Boat_ControlTests.swift */ = {isa = PBXFileReference; lastKnownFileType = sourcecode.swift; path = Boat_ControlTests.swift; sourceTree = "<group>"; };
		D3B3EC8D20DED75B004CBB9D /* Info.plist */ = {isa = PBXFileReference; lastKnownFileType = text.plist.xml; path = Info.plist; sourceTree = "<group>"; };
		D3B3EC9820DED841004CBB9D /* Flat-it - StereoGothic-800.otf */ = {isa = PBXFileReference; lastKnownFileType = file; path = "Flat-it - StereoGothic-800.otf"; sourceTree = "<group>"; };
		D3B3EC9B20DFD4C2004CBB9D /* Queue.swift */ = {isa = PBXFileReference; lastKnownFileType = sourcecode.swift; path = Queue.swift; sourceTree = "<group>"; };
		D3B3EC9E20DFD567004CBB9D /* QueueTests.swift */ = {isa = PBXFileReference; lastKnownFileType = sourcecode.swift; path = QueueTests.swift; sourceTree = "<group>"; };
		D3B3ECA120DFDA25004CBB9D /* RootViewController.swift */ = {isa = PBXFileReference; lastKnownFileType = sourcecode.swift; path = RootViewController.swift; sourceTree = "<group>"; };
		D3B3ECA320DFDC53004CBB9D /* NmeaLogViewController.swift */ = {isa = PBXFileReference; lastKnownFileType = sourcecode.swift; path = NmeaLogViewController.swift; sourceTree = "<group>"; };
		D3B3ECA520DFDF65004CBB9D /* Settings.bundle */ = {isa = PBXFileReference; lastKnownFileType = "wrapper.plug-in"; path = Settings.bundle; sourceTree = "<group>"; };
		D3B3ECA720E03733004CBB9D /* SettingsViewController.swift */ = {isa = PBXFileReference; lastKnownFileType = sourcecode.swift; path = SettingsViewController.swift; sourceTree = "<group>"; };
		D3B3ECAA20E23FCE004CBB9D /* NMEAReceiverManager.swift */ = {isa = PBXFileReference; lastKnownFileType = sourcecode.swift; path = NMEAReceiverManager.swift; sourceTree = "<group>"; };
		D3B3ECAC20E25908004CBB9D /* CocoaAsyncSocket.framework */ = {isa = PBXFileReference; explicitFileType = wrapper.framework; path = CocoaAsyncSocket.framework; sourceTree = BUILT_PRODUCTS_DIR; };
		D3B3ECAE20E2BD8C004CBB9D /* NotificationNames.swift */ = {isa = PBXFileReference; lastKnownFileType = sourcecode.swift; path = NotificationNames.swift; sourceTree = "<group>"; };
		D3B3ECB120E2C824004CBB9D /* NMEAParser.swift */ = {isa = PBXFileReference; lastKnownFileType = sourcecode.swift; path = NMEAParser.swift; sourceTree = "<group>"; };
		D3B3ECB320E2C846004CBB9D /* NMEA_MWV.swift */ = {isa = PBXFileReference; lastKnownFileType = sourcecode.swift; path = NMEA_MWV.swift; sourceTree = "<group>"; };
		D3B3ECB520E2C86E004CBB9D /* NMEA_BASE.swift */ = {isa = PBXFileReference; lastKnownFileType = sourcecode.swift; path = NMEA_BASE.swift; sourceTree = "<group>"; };
		D3B3ECB720E41F3E004CBB9D /* NMEA_RMC.swift */ = {isa = PBXFileReference; lastKnownFileType = sourcecode.swift; path = NMEA_RMC.swift; sourceTree = "<group>"; };
		D3B3ECB920E41F73004CBB9D /* NMEA_GGA.swift */ = {isa = PBXFileReference; lastKnownFileType = sourcecode.swift; path = NMEA_GGA.swift; sourceTree = "<group>"; };
		D3B3ECBB20E41FA6004CBB9D /* NMEA_GLL.swift */ = {isa = PBXFileReference; lastKnownFileType = sourcecode.swift; path = NMEA_GLL.swift; sourceTree = "<group>"; };
		D3B3ECBD20E56B97004CBB9D /* GPSQualityIndicator.swift */ = {isa = PBXFileReference; lastKnownFileType = sourcecode.swift; path = GPSQualityIndicator.swift; sourceTree = "<group>"; };
		D3B3ECBF20E578B4004CBB9D /* WindSpeedUnits.swift */ = {isa = PBXFileReference; lastKnownFileType = sourcecode.swift; path = WindSpeedUnits.swift; sourceTree = "<group>"; };
		D3B3ECC120E7BD83004CBB9D /* NMEASentences.swift */ = {isa = PBXFileReference; lastKnownFileType = sourcecode.swift; path = NMEASentences.swift; sourceTree = "<group>"; };
		D3B3ECC420E8235C004CBB9D /* Wind.swift */ = {isa = PBXFileReference; lastKnownFileType = sourcecode.swift; path = Wind.swift; sourceTree = "<group>"; };
		D3B3ECC620E8244A004CBB9D /* WindHistory.swift */ = {isa = PBXFileReference; lastKnownFileType = sourcecode.swift; path = WindHistory.swift; sourceTree = "<group>"; };
		D3B3ECC820E8326D004CBB9D /* ModelManager.swift */ = {isa = PBXFileReference; lastKnownFileType = sourcecode.swift; path = ModelManager.swift; sourceTree = "<group>"; };
		D3B3ECCB20E95333004CBB9D /* WindAWATests.swift */ = {isa = PBXFileReference; lastKnownFileType = sourcecode.swift; path = WindAWATests.swift; sourceTree = "<group>"; };
		D3B3ECCD20E95728004CBB9D /* WindAWSTests.swift */ = {isa = PBXFileReference; lastKnownFileType = sourcecode.swift; path = WindAWSTests.swift; sourceTree = "<group>"; };
		D3B3ECCF20E95789004CBB9D /* WindAWDTests.swift */ = {isa = PBXFileReference; lastKnownFileType = sourcecode.swift; path = WindAWDTests.swift; sourceTree = "<group>"; };
		D3B3ECD120E95972004CBB9D /* WindTWSTests.swift */ = {isa = PBXFileReference; lastKnownFileType = sourcecode.swift; path = WindTWSTests.swift; sourceTree = "<group>"; };
		D3B3ECD320E95AF4004CBB9D /* DoubleExtensions.swift */ = {isa = PBXFileReference; lastKnownFileType = sourcecode.swift; path = DoubleExtensions.swift; sourceTree = "<group>"; };
		D3B3ECD520E95C93004CBB9D /* WindTWDTests.swift */ = {isa = PBXFileReference; lastKnownFileType = sourcecode.swift; path = WindTWDTests.swift; sourceTree = "<group>"; };
		D3B3ECD720E95FBD004CBB9D /* WindTWATests.swift */ = {isa = PBXFileReference; lastKnownFileType = sourcecode.swift; path = WindTWATests.swift; sourceTree = "<group>"; };
		D3B3ECD920EABDB0004CBB9D /* NMEA_HDG.swift */ = {isa = PBXFileReference; lastKnownFileType = sourcecode.swift; path = NMEA_HDG.swift; sourceTree = "<group>"; };
		D3B3ECDB20EAC4A1004CBB9D /* NMEA_VHW.swift */ = {isa = PBXFileReference; lastKnownFileType = sourcecode.swift; path = NMEA_VHW.swift; sourceTree = "<group>"; };
/* End PBXFileReference section */

/* Begin PBXFrameworksBuildPhase section */
		D3B3EC6C20DED757004CBB9D /* Frameworks */ = {
			isa = PBXFrameworksBuildPhase;
			buildActionMask = 2147483647;
			files = (
				D3B3ECAD20E25908004CBB9D /* CocoaAsyncSocket.framework in Frameworks */,
				22EAA1E8E8A459E138D7608B /* Pods_Boat_Control.framework in Frameworks */,
			);
			runOnlyForDeploymentPostprocessing = 0;
		};
		D3B3EC8420DED75B004CBB9D /* Frameworks */ = {
			isa = PBXFrameworksBuildPhase;
			buildActionMask = 2147483647;
			files = (
				0E894751CDF425426F6FA828 /* Pods_Boat_ControlTests.framework in Frameworks */,
			);
			runOnlyForDeploymentPostprocessing = 0;
		};
/* End PBXFrameworksBuildPhase section */

/* Begin PBXGroup section */
		9FA2E0606488EC3D9358A51B /* Frameworks */ = {
			isa = PBXGroup;
			children = (
				D3B3ECAC20E25908004CBB9D /* CocoaAsyncSocket.framework */,
				19D2E29E850C5AA6085ACE3F /* Pods_Boat_Control.framework */,
				BDE0F4E09DA6378B6B316CFF /* Pods_Boat_ControlTests.framework */,
			);
			name = Frameworks;
			sourceTree = "<group>";
		};
		D33D0B8D20ED58C90073527D /* Views */ = {
			isa = PBXGroup;
			children = (
				D33D0B8E20ED59070073527D /* NumberView.xib */,
				D33D0B9020ED5E770073527D /* NumberView.swift */,
			);
			path = Views;
			sourceTree = "<group>";
		};
		D3B3EC6620DED757004CBB9D = {
			isa = PBXGroup;
			children = (
				D3B3EC7120DED757004CBB9D /* Boat Control */,
				D3B3EC8A20DED75B004CBB9D /* Boat ControlTests */,
				D3B3EC7020DED757004CBB9D /* Products */,
				FE2C0C5B49AE398AA1E81F3F /* Pods */,
				9FA2E0606488EC3D9358A51B /* Frameworks */,
			);
			sourceTree = "<group>";
		};
		D3B3EC7020DED757004CBB9D /* Products */ = {
			isa = PBXGroup;
			children = (
				D3B3EC6F20DED757004CBB9D /* Boat Control.app */,
				D3B3EC8720DED75B004CBB9D /* Boat ControlTests.xctest */,
			);
			name = Products;
			sourceTree = "<group>";
		};
		D3B3EC7120DED757004CBB9D /* Boat Control */ = {
			isa = PBXGroup;
			children = (
				D33D0B8D20ED58C90073527D /* Views */,
				D3B3ECC320E8233A004CBB9D /* DataModel */,
				D3B3ECB020E2C80F004CBB9D /* NMEA */,
				D3B3ECA920E23FA1004CBB9D /* NMEAReceiver */,
				D3B3ECA020DFDA06004CBB9D /* ViewControllers */,
				D3B3EC9A20DFD4B2004CBB9D /* Helpers */,
				D3B3EC9720DED7CA004CBB9D /* Resources */,
				D3B3EC9620DED7AE004CBB9D /* Storyboards */,
				D3B3EC7220DED757004CBB9D /* AppDelegate.swift */,
				D3B3ECA520DFDF65004CBB9D /* Settings.bundle */,
				D33D0B8920ED44640073527D /* SwinjectStoryboard.swift */,
			);
			path = "Boat Control";
			sourceTree = "<group>";
		};
		D3B3EC8A20DED75B004CBB9D /* Boat ControlTests */ = {
			isa = PBXGroup;
			children = (
				D3B3ECCA20E95321004CBB9D /* DataModel */,
				D3B3EC9D20DFD531004CBB9D /* Helpers */,
				D3B3EC8B20DED75B004CBB9D /* Boat_ControlTests.swift */,
				D3B3EC8D20DED75B004CBB9D /* Info.plist */,
			);
			path = "Boat ControlTests";
			sourceTree = "<group>";
		};
		D3B3EC9620DED7AE004CBB9D /* Storyboards */ = {
			isa = PBXGroup;
			children = (
				D3B3EC7F20DED75B004CBB9D /* LaunchScreen.storyboard */,
				D3B3EC7A20DED758004CBB9D /* Main.storyboard */,
			);
			name = Storyboards;
			sourceTree = "<group>";
		};
		D3B3EC9720DED7CA004CBB9D /* Resources */ = {
			isa = PBXGroup;
			children = (
				D3B3EC9820DED841004CBB9D /* Flat-it - StereoGothic-800.otf */,
				D3B3EC7D20DED75B004CBB9D /* Assets.xcassets */,
				D3B3EC8220DED75B004CBB9D /* Info.plist */,
			);
			path = Resources;
			sourceTree = "<group>";
		};
		D3B3EC9A20DFD4B2004CBB9D /* Helpers */ = {
			isa = PBXGroup;
			children = (
				D3B3EC9B20DFD4C2004CBB9D /* Queue.swift */,
				D3B3ECAE20E2BD8C004CBB9D /* NotificationNames.swift */,
				D3B3ECD320E95AF4004CBB9D /* DoubleExtensions.swift */,
			);
			path = Helpers;
			sourceTree = "<group>";
		};
		D3B3EC9D20DFD531004CBB9D /* Helpers */ = {
			isa = PBXGroup;
			children = (
				D3B3EC9E20DFD567004CBB9D /* QueueTests.swift */,
			);
			path = Helpers;
			sourceTree = "<group>";
		};
		D3B3ECA020DFDA06004CBB9D /* ViewControllers */ = {
			isa = PBXGroup;
			children = (
				D3B3ECA320DFDC53004CBB9D /* NmeaLogViewController.swift */,
				D3B3ECA120DFDA25004CBB9D /* RootViewController.swift */,
				D3B3ECA720E03733004CBB9D /* SettingsViewController.swift */,
				D33D0B8B20ED549D0073527D /* WindHistoryViewController.swift */,
				D3A4396320F3F75E00D348D8 /* NavigationLogViewController.swift */,
			);
			path = ViewControllers;
			sourceTree = "<group>";
		};
		D3B3ECA920E23FA1004CBB9D /* NMEAReceiver */ = {
			isa = PBXGroup;
			children = (
				D3B3ECAA20E23FCE004CBB9D /* NMEAReceiverManager.swift */,
				D33D0B8320EAC8680073527D /* NMEAReceiverDelegate.swift */,
			);
			path = NMEAReceiver;
			sourceTree = "<group>";
		};
		D3B3ECB020E2C80F004CBB9D /* NMEA */ = {
			isa = PBXGroup;
			children = (
				D3B3ECBD20E56B97004CBB9D /* GPSQualityIndicator.swift */,
				D3B3ECB520E2C86E004CBB9D /* NMEA_BASE.swift */,
				D3B3ECB920E41F73004CBB9D /* NMEA_GGA.swift */,
				D3B3ECBB20E41FA6004CBB9D /* NMEA_GLL.swift */,
				D3B3ECD920EABDB0004CBB9D /* NMEA_HDG.swift */,
				D3B3ECB320E2C846004CBB9D /* NMEA_MWV.swift */,
				D3B3ECB720E41F3E004CBB9D /* NMEA_RMC.swift */,
				D3B3ECDB20EAC4A1004CBB9D /* NMEA_VHW.swift */,
				D3B3ECB120E2C824004CBB9D /* NMEAParser.swift */,
				D3B3ECC120E7BD83004CBB9D /* NMEASentences.swift */,
				D3B3ECBF20E578B4004CBB9D /* WindSpeedUnits.swift */,
			);
			path = NMEA;
			sourceTree = "<group>";
		};
		D3B3ECC320E8233A004CBB9D /* DataModel */ = {
			isa = PBXGroup;
			children = (
				D33D0B9620EE5B010073527D /* GeoMagneticField.swift */,
				D3B3ECC820E8326D004CBB9D /* ModelManager.swift */,
				D33D0B8720EC17F80073527D /* ModelManagerDelegate.swift */,
				D33D0B8520EC03240073527D /* Navigation.swift */,
				D3A4396520F4071700D348D8 /* NavigationHistory.swift */,
				D3B3ECC420E8235C004CBB9D /* Wind.swift */,
				D3B3ECC620E8244A004CBB9D /* WindHistory.swift */,
			);
			path = DataModel;
			sourceTree = "<group>";
		};
		D3B3ECCA20E95321004CBB9D /* DataModel */ = {
			isa = PBXGroup;
			children = (
				D3B3ECCB20E95333004CBB9D /* WindAWATests.swift */,
				D3B3ECCD20E95728004CBB9D /* WindAWSTests.swift */,
				D3B3ECCF20E95789004CBB9D /* WindAWDTests.swift */,
				D3B3ECD120E95972004CBB9D /* WindTWSTests.swift */,
				D3B3ECD520E95C93004CBB9D /* WindTWDTests.swift */,
				D3B3ECD720E95FBD004CBB9D /* WindTWATests.swift */,
				D33D0B9820EE5B1F0073527D /* GeoMagneticFieldTests.swift */,
			);
			path = DataModel;
			sourceTree = "<group>";
		};
		FE2C0C5B49AE398AA1E81F3F /* Pods */ = {
			isa = PBXGroup;
			children = (
				CFA2FD59736DA70A91F60C8E /* Pods-Boat Control.debug.xcconfig */,
				6D2FD4FE348E2FE17026DEE6 /* Pods-Boat Control.release.xcconfig */,
				0C4E67BC5D8EBEAD462D819B /* Pods-Boat ControlTests.debug.xcconfig */,
				1D7200835B283086B924912F /* Pods-Boat ControlTests.release.xcconfig */,
			);
			name = Pods;
			sourceTree = "<group>";
		};
/* End PBXGroup section */

/* Begin PBXNativeTarget section */
		D3B3EC6E20DED757004CBB9D /* Boat Control */ = {
			isa = PBXNativeTarget;
			buildConfigurationList = D3B3EC9020DED75B004CBB9D /* Build configuration list for PBXNativeTarget "Boat Control" */;
			buildPhases = (
				6DE261DF72F8FA81E9B638BD /* [CP] Check Pods Manifest.lock */,
				D3B3EC6B20DED757004CBB9D /* Sources */,
				D3B3EC6C20DED757004CBB9D /* Frameworks */,
				D3B3EC6D20DED757004CBB9D /* Resources */,
				86EC39CBCE0577D7AEB96FA9 /* [CP] Embed Pods Frameworks */,
			);
			buildRules = (
			);
			dependencies = (
			);
			name = "Boat Control";
			productName = "Boat Control";
			productReference = D3B3EC6F20DED757004CBB9D /* Boat Control.app */;
			productType = "com.apple.product-type.application";
		};
		D3B3EC8620DED75B004CBB9D /* Boat ControlTests */ = {
			isa = PBXNativeTarget;
			buildConfigurationList = D3B3EC9320DED75B004CBB9D /* Build configuration list for PBXNativeTarget "Boat ControlTests" */;
			buildPhases = (
				84B767D8DF1672C48F5A9C83 /* [CP] Check Pods Manifest.lock */,
				D3B3EC8320DED75B004CBB9D /* Sources */,
				D3B3EC8420DED75B004CBB9D /* Frameworks */,
				D3B3EC8520DED75B004CBB9D /* Resources */,
			);
			buildRules = (
			);
			dependencies = (
				D3B3EC8920DED75B004CBB9D /* PBXTargetDependency */,
			);
			name = "Boat ControlTests";
			productName = "Boat ControlTests";
			productReference = D3B3EC8720DED75B004CBB9D /* Boat ControlTests.xctest */;
			productType = "com.apple.product-type.bundle.unit-test";
		};
/* End PBXNativeTarget section */

/* Begin PBXProject section */
		D3B3EC6720DED757004CBB9D /* Project object */ = {
			isa = PBXProject;
			attributes = {
				LastSwiftUpdateCheck = 0940;
				LastUpgradeCheck = 0940;
				ORGANIZATIONNAME = "Thomas Trageser";
				TargetAttributes = {
					D3B3EC6E20DED757004CBB9D = {
						CreatedOnToolsVersion = 9.4.1;
					};
					D3B3EC8620DED75B004CBB9D = {
						CreatedOnToolsVersion = 9.4.1;
						TestTargetID = D3B3EC6E20DED757004CBB9D;
					};
				};
			};
			buildConfigurationList = D3B3EC6A20DED757004CBB9D /* Build configuration list for PBXProject "Boat Control" */;
			compatibilityVersion = "Xcode 9.3";
			developmentRegion = en;
			hasScannedForEncodings = 0;
			knownRegions = (
				en,
				Base,
			);
			mainGroup = D3B3EC6620DED757004CBB9D;
			productRefGroup = D3B3EC7020DED757004CBB9D /* Products */;
			projectDirPath = "";
			projectRoot = "";
			targets = (
				D3B3EC6E20DED757004CBB9D /* Boat Control */,
				D3B3EC8620DED75B004CBB9D /* Boat ControlTests */,
			);
		};
/* End PBXProject section */

/* Begin PBXResourcesBuildPhase section */
		D3B3EC6D20DED757004CBB9D /* Resources */ = {
			isa = PBXResourcesBuildPhase;
			buildActionMask = 2147483647;
			files = (
				D3B3ECA620DFDF65004CBB9D /* Settings.bundle in Resources */,
				D33D0B8F20ED59070073527D /* NumberView.xib in Resources */,
				D3B3EC9920DED841004CBB9D /* Flat-it - StereoGothic-800.otf in Resources */,
				D3B3EC8120DED75B004CBB9D /* LaunchScreen.storyboard in Resources */,
				D3B3EC7E20DED75B004CBB9D /* Assets.xcassets in Resources */,
				D3B3EC7C20DED758004CBB9D /* Main.storyboard in Resources */,
			);
			runOnlyForDeploymentPostprocessing = 0;
		};
		D3B3EC8520DED75B004CBB9D /* Resources */ = {
			isa = PBXResourcesBuildPhase;
			buildActionMask = 2147483647;
			files = (
			);
			runOnlyForDeploymentPostprocessing = 0;
		};
/* End PBXResourcesBuildPhase section */

/* Begin PBXShellScriptBuildPhase section */
		6DE261DF72F8FA81E9B638BD /* [CP] Check Pods Manifest.lock */ = {
			isa = PBXShellScriptBuildPhase;
			buildActionMask = 2147483647;
			files = (
			);
			inputPaths = (
				"${PODS_PODFILE_DIR_PATH}/Podfile.lock",
				"${PODS_ROOT}/Manifest.lock",
			);
			name = "[CP] Check Pods Manifest.lock";
			outputPaths = (
				"$(DERIVED_FILE_DIR)/Pods-Boat Control-checkManifestLockResult.txt",
			);
			runOnlyForDeploymentPostprocessing = 0;
			shellPath = /bin/sh;
			shellScript = "diff \"${PODS_PODFILE_DIR_PATH}/Podfile.lock\" \"${PODS_ROOT}/Manifest.lock\" > /dev/null\nif [ $? != 0 ] ; then\n    # print error to STDERR\n    echo \"error: The sandbox is not in sync with the Podfile.lock. Run 'pod install' or update your CocoaPods installation.\" >&2\n    exit 1\nfi\n# This output is used by Xcode 'outputs' to avoid re-running this script phase.\necho \"SUCCESS\" > \"${SCRIPT_OUTPUT_FILE_0}\"\n";
			showEnvVarsInLog = 0;
		};
		84B767D8DF1672C48F5A9C83 /* [CP] Check Pods Manifest.lock */ = {
			isa = PBXShellScriptBuildPhase;
			buildActionMask = 2147483647;
			files = (
			);
			inputPaths = (
				"${PODS_PODFILE_DIR_PATH}/Podfile.lock",
				"${PODS_ROOT}/Manifest.lock",
			);
			name = "[CP] Check Pods Manifest.lock";
			outputPaths = (
				"$(DERIVED_FILE_DIR)/Pods-Boat ControlTests-checkManifestLockResult.txt",
			);
			runOnlyForDeploymentPostprocessing = 0;
			shellPath = /bin/sh;
			shellScript = "diff \"${PODS_PODFILE_DIR_PATH}/Podfile.lock\" \"${PODS_ROOT}/Manifest.lock\" > /dev/null\nif [ $? != 0 ] ; then\n    # print error to STDERR\n    echo \"error: The sandbox is not in sync with the Podfile.lock. Run 'pod install' or update your CocoaPods installation.\" >&2\n    exit 1\nfi\n# This output is used by Xcode 'outputs' to avoid re-running this script phase.\necho \"SUCCESS\" > \"${SCRIPT_OUTPUT_FILE_0}\"\n";
			showEnvVarsInLog = 0;
		};
		86EC39CBCE0577D7AEB96FA9 /* [CP] Embed Pods Frameworks */ = {
			isa = PBXShellScriptBuildPhase;
			buildActionMask = 2147483647;
			files = (
			);
			inputPaths = (
				"${SRCROOT}/Pods/Target Support Files/Pods-Boat Control/Pods-Boat Control-frameworks.sh",
				"${BUILT_PRODUCTS_DIR}/Charts/Charts.framework",
				"${BUILT_PRODUCTS_DIR}/CocoaAsyncSocket/CocoaAsyncSocket.framework",
				"${BUILT_PRODUCTS_DIR}/Swinject/Swinject.framework",
				"${BUILT_PRODUCTS_DIR}/SwinjectStoryboard/SwinjectStoryboard.framework",
			);
			name = "[CP] Embed Pods Frameworks";
			outputPaths = (
				"${TARGET_BUILD_DIR}/${FRAMEWORKS_FOLDER_PATH}/Charts.framework",
				"${TARGET_BUILD_DIR}/${FRAMEWORKS_FOLDER_PATH}/CocoaAsyncSocket.framework",
				"${TARGET_BUILD_DIR}/${FRAMEWORKS_FOLDER_PATH}/Swinject.framework",
				"${TARGET_BUILD_DIR}/${FRAMEWORKS_FOLDER_PATH}/SwinjectStoryboard.framework",
			);
			runOnlyForDeploymentPostprocessing = 0;
			shellPath = /bin/sh;
			shellScript = "\"${SRCROOT}/Pods/Target Support Files/Pods-Boat Control/Pods-Boat Control-frameworks.sh\"\n";
			showEnvVarsInLog = 0;
		};
/* End PBXShellScriptBuildPhase section */

/* Begin PBXSourcesBuildPhase section */
		D3B3EC6B20DED757004CBB9D /* Sources */ = {
			isa = PBXSourcesBuildPhase;
			buildActionMask = 2147483647;
			files = (
				D3B3ECA420DFDC53004CBB9D /* NmeaLogViewController.swift in Sources */,
				D33D0B8420EAC8680073527D /* NMEAReceiverDelegate.swift in Sources */,
				D3B3ECB220E2C824004CBB9D /* NMEAParser.swift in Sources */,
				D33D0B8620EC03240073527D /* Navigation.swift in Sources */,
				D3B3ECAB20E23FCE004CBB9D /* NMEAReceiverManager.swift in Sources */,
				D33D0B8A20ED44640073527D /* SwinjectStoryboard.swift in Sources */,
				D33D0B8C20ED549D0073527D /* WindHistoryViewController.swift in Sources */,
				D3B3EC7320DED758004CBB9D /* AppDelegate.swift in Sources */,
				D33D0B9720EE5B010073527D /* GeoMagneticField.swift in Sources */,
				D3B3ECBE20E56B97004CBB9D /* GPSQualityIndicator.swift in Sources */,
				D3B3EC9C20DFD4C2004CBB9D /* Queue.swift in Sources */,
				D3B3ECC520E8235C004CBB9D /* Wind.swift in Sources */,
				D3B3ECB420E2C846004CBB9D /* NMEA_MWV.swift in Sources */,
				D3B3ECC220E7BD83004CBB9D /* NMEASentences.swift in Sources */,
				D3B3ECC920E8326D004CBB9D /* ModelManager.swift in Sources */,
				D3B3ECAF20E2BD8C004CBB9D /* NotificationNames.swift in Sources */,
				D3B3ECA820E03734004CBB9D /* SettingsViewController.swift in Sources */,
				D3B3ECDC20EAC4A1004CBB9D /* NMEA_VHW.swift in Sources */,
				D3B3ECD420E95AF4004CBB9D /* DoubleExtensions.swift in Sources */,
				D3B3ECC020E578B4004CBB9D /* WindSpeedUnits.swift in Sources */,
				D3B3ECBA20E41F73004CBB9D /* NMEA_GGA.swift in Sources */,
				D3A4396420F3F75E00D348D8 /* NavigationLogViewController.swift in Sources */,
				D3B3ECA220DFDA25004CBB9D /* RootViewController.swift in Sources */,
				D3B3ECC720E8244A004CBB9D /* WindHistory.swift in Sources */,
				D3B3ECDA20EABDB0004CBB9D /* NMEA_HDG.swift in Sources */,
				D3B3ECB820E41F3E004CBB9D /* NMEA_RMC.swift in Sources */,
				D3B3ECB620E2C86E004CBB9D /* NMEA_BASE.swift in Sources */,
				D3B3ECBC20E41FA6004CBB9D /* NMEA_GLL.swift in Sources */,
				D33D0B8820EC17F80073527D /* ModelManagerDelegate.swift in Sources */,
				D3A4396620F4071700D348D8 /* NavigationHistory.swift in Sources */,
				D33D0B9120ED5E770073527D /* NumberView.swift in Sources */,
			);
			runOnlyForDeploymentPostprocessing = 0;
		};
		D3B3EC8320DED75B004CBB9D /* Sources */ = {
			isa = PBXSourcesBuildPhase;
			buildActionMask = 2147483647;
			files = (
				D3B3EC8C20DED75B004CBB9D /* Boat_ControlTests.swift in Sources */,
				D3B3ECD620E95C93004CBB9D /* WindTWDTests.swift in Sources */,
				D3B3ECCE20E95728004CBB9D /* WindAWSTests.swift in Sources */,
				D3B3ECD020E95789004CBB9D /* WindAWDTests.swift in Sources */,
				D33D0B9920EE5B1F0073527D /* GeoMagneticFieldTests.swift in Sources */,
				D3B3EC9F20DFD567004CBB9D /* QueueTests.swift in Sources */,
				D3B3ECD220E95972004CBB9D /* WindTWSTests.swift in Sources */,
				D3B3ECD820E95FBD004CBB9D /* WindTWATests.swift in Sources */,
				D3B3ECCC20E95333004CBB9D /* WindAWATests.swift in Sources */,
			);
			runOnlyForDeploymentPostprocessing = 0;
		};
/* End PBXSourcesBuildPhase section */

/* Begin PBXTargetDependency section */
		D3B3EC8920DED75B004CBB9D /* PBXTargetDependency */ = {
			isa = PBXTargetDependency;
			target = D3B3EC6E20DED757004CBB9D /* Boat Control */;
			targetProxy = D3B3EC8820DED75B004CBB9D /* PBXContainerItemProxy */;
		};
/* End PBXTargetDependency section */

/* Begin PBXVariantGroup section */
		D3B3EC7A20DED758004CBB9D /* Main.storyboard */ = {
			isa = PBXVariantGroup;
			children = (
				D3B3EC7B20DED758004CBB9D /* Base */,
			);
			name = Main.storyboard;
			sourceTree = "<group>";
		};
		D3B3EC7F20DED75B004CBB9D /* LaunchScreen.storyboard */ = {
			isa = PBXVariantGroup;
			children = (
				D3B3EC8020DED75B004CBB9D /* Base */,
			);
			name = LaunchScreen.storyboard;
			sourceTree = "<group>";
		};
/* End PBXVariantGroup section */

/* Begin XCBuildConfiguration section */
		D3B3EC8E20DED75B004CBB9D /* Debug */ = {
			isa = XCBuildConfiguration;
			buildSettings = {
				ALWAYS_SEARCH_USER_PATHS = NO;
				CLANG_ANALYZER_NONNULL = YES;
				CLANG_ANALYZER_NUMBER_OBJECT_CONVERSION = YES_AGGRESSIVE;
				CLANG_CXX_LANGUAGE_STANDARD = "gnu++14";
				CLANG_CXX_LIBRARY = "libc++";
				CLANG_ENABLE_MODULES = YES;
				CLANG_ENABLE_OBJC_ARC = YES;
				CLANG_ENABLE_OBJC_WEAK = YES;
				CLANG_WARN_BLOCK_CAPTURE_AUTORELEASING = YES;
				CLANG_WARN_BOOL_CONVERSION = YES;
				CLANG_WARN_COMMA = YES;
				CLANG_WARN_CONSTANT_CONVERSION = YES;
				CLANG_WARN_DEPRECATED_OBJC_IMPLEMENTATIONS = YES;
				CLANG_WARN_DIRECT_OBJC_ISA_USAGE = YES_ERROR;
				CLANG_WARN_DOCUMENTATION_COMMENTS = YES;
				CLANG_WARN_EMPTY_BODY = YES;
				CLANG_WARN_ENUM_CONVERSION = YES;
				CLANG_WARN_INFINITE_RECURSION = YES;
				CLANG_WARN_INT_CONVERSION = YES;
				CLANG_WARN_NON_LITERAL_NULL_CONVERSION = YES;
				CLANG_WARN_OBJC_IMPLICIT_RETAIN_SELF = YES;
				CLANG_WARN_OBJC_LITERAL_CONVERSION = YES;
				CLANG_WARN_OBJC_ROOT_CLASS = YES_ERROR;
				CLANG_WARN_RANGE_LOOP_ANALYSIS = YES;
				CLANG_WARN_STRICT_PROTOTYPES = YES;
				CLANG_WARN_SUSPICIOUS_MOVE = YES;
				CLANG_WARN_UNGUARDED_AVAILABILITY = YES_AGGRESSIVE;
				CLANG_WARN_UNREACHABLE_CODE = YES;
				CLANG_WARN__DUPLICATE_METHOD_MATCH = YES;
				CODE_SIGN_IDENTITY = "iPhone Developer";
				COPY_PHASE_STRIP = NO;
				DEBUG_INFORMATION_FORMAT = dwarf;
				ENABLE_STRICT_OBJC_MSGSEND = YES;
				ENABLE_TESTABILITY = YES;
				GCC_C_LANGUAGE_STANDARD = gnu11;
				GCC_DYNAMIC_NO_PIC = NO;
				GCC_NO_COMMON_BLOCKS = YES;
				GCC_OPTIMIZATION_LEVEL = 0;
				GCC_PREPROCESSOR_DEFINITIONS = (
					"DEBUG=1",
					"$(inherited)",
				);
				GCC_WARN_64_TO_32_BIT_CONVERSION = YES;
				GCC_WARN_ABOUT_RETURN_TYPE = YES_ERROR;
				GCC_WARN_UNDECLARED_SELECTOR = YES;
				GCC_WARN_UNINITIALIZED_AUTOS = YES_AGGRESSIVE;
				GCC_WARN_UNUSED_FUNCTION = YES;
				GCC_WARN_UNUSED_VARIABLE = YES;
				IPHONEOS_DEPLOYMENT_TARGET = 11.4;
				MTL_ENABLE_DEBUG_INFO = YES;
				ONLY_ACTIVE_ARCH = YES;
				SDKROOT = iphoneos;
				SWIFT_ACTIVE_COMPILATION_CONDITIONS = DEBUG;
				SWIFT_OPTIMIZATION_LEVEL = "-Onone";
			};
			name = Debug;
		};
		D3B3EC8F20DED75B004CBB9D /* Release */ = {
			isa = XCBuildConfiguration;
			buildSettings = {
				ALWAYS_SEARCH_USER_PATHS = NO;
				CLANG_ANALYZER_NONNULL = YES;
				CLANG_ANALYZER_NUMBER_OBJECT_CONVERSION = YES_AGGRESSIVE;
				CLANG_CXX_LANGUAGE_STANDARD = "gnu++14";
				CLANG_CXX_LIBRARY = "libc++";
				CLANG_ENABLE_MODULES = YES;
				CLANG_ENABLE_OBJC_ARC = YES;
				CLANG_ENABLE_OBJC_WEAK = YES;
				CLANG_WARN_BLOCK_CAPTURE_AUTORELEASING = YES;
				CLANG_WARN_BOOL_CONVERSION = YES;
				CLANG_WARN_COMMA = YES;
				CLANG_WARN_CONSTANT_CONVERSION = YES;
				CLANG_WARN_DEPRECATED_OBJC_IMPLEMENTATIONS = YES;
				CLANG_WARN_DIRECT_OBJC_ISA_USAGE = YES_ERROR;
				CLANG_WARN_DOCUMENTATION_COMMENTS = YES;
				CLANG_WARN_EMPTY_BODY = YES;
				CLANG_WARN_ENUM_CONVERSION = YES;
				CLANG_WARN_INFINITE_RECURSION = YES;
				CLANG_WARN_INT_CONVERSION = YES;
				CLANG_WARN_NON_LITERAL_NULL_CONVERSION = YES;
				CLANG_WARN_OBJC_IMPLICIT_RETAIN_SELF = YES;
				CLANG_WARN_OBJC_LITERAL_CONVERSION = YES;
				CLANG_WARN_OBJC_ROOT_CLASS = YES_ERROR;
				CLANG_WARN_RANGE_LOOP_ANALYSIS = YES;
				CLANG_WARN_STRICT_PROTOTYPES = YES;
				CLANG_WARN_SUSPICIOUS_MOVE = YES;
				CLANG_WARN_UNGUARDED_AVAILABILITY = YES_AGGRESSIVE;
				CLANG_WARN_UNREACHABLE_CODE = YES;
				CLANG_WARN__DUPLICATE_METHOD_MATCH = YES;
				CODE_SIGN_IDENTITY = "iPhone Developer";
				COPY_PHASE_STRIP = NO;
				DEBUG_INFORMATION_FORMAT = "dwarf-with-dsym";
				ENABLE_NS_ASSERTIONS = NO;
				ENABLE_STRICT_OBJC_MSGSEND = YES;
				GCC_C_LANGUAGE_STANDARD = gnu11;
				GCC_NO_COMMON_BLOCKS = YES;
				GCC_WARN_64_TO_32_BIT_CONVERSION = YES;
				GCC_WARN_ABOUT_RETURN_TYPE = YES_ERROR;
				GCC_WARN_UNDECLARED_SELECTOR = YES;
				GCC_WARN_UNINITIALIZED_AUTOS = YES_AGGRESSIVE;
				GCC_WARN_UNUSED_FUNCTION = YES;
				GCC_WARN_UNUSED_VARIABLE = YES;
				IPHONEOS_DEPLOYMENT_TARGET = 11.4;
				MTL_ENABLE_DEBUG_INFO = NO;
				SDKROOT = iphoneos;
				SWIFT_COMPILATION_MODE = wholemodule;
				SWIFT_OPTIMIZATION_LEVEL = "-O";
				VALIDATE_PRODUCT = YES;
			};
			name = Release;
		};
		D3B3EC9120DED75B004CBB9D /* Debug */ = {
			isa = XCBuildConfiguration;
			baseConfigurationReference = CFA2FD59736DA70A91F60C8E /* Pods-Boat Control.debug.xcconfig */;
			buildSettings = {
				ASSETCATALOG_COMPILER_APPICON_NAME = AppIcon;
				CODE_SIGN_STYLE = Automatic;
				DEVELOPMENT_TEAM = 33592VW889;
				INFOPLIST_FILE = "Boat Control/Resources/Info.plist";
				IPHONEOS_DEPLOYMENT_TARGET = 9.3;
				LD_RUNPATH_SEARCH_PATHS = (
					"$(inherited)",
					"@executable_path/Frameworks",
				);
				PRODUCT_BUNDLE_IDENTIFIER = "com.arohanui.Boat-Control";
				PRODUCT_NAME = "$(TARGET_NAME)";
				SWIFT_VERSION = 4.0;
				TARGETED_DEVICE_FAMILY = 2;
			};
			name = Debug;
		};
		D3B3EC9220DED75B004CBB9D /* Release */ = {
			isa = XCBuildConfiguration;
			baseConfigurationReference = 6D2FD4FE348E2FE17026DEE6 /* Pods-Boat Control.release.xcconfig */;
			buildSettings = {
				ASSETCATALOG_COMPILER_APPICON_NAME = AppIcon;
				CODE_SIGN_STYLE = Automatic;
				DEVELOPMENT_TEAM = 33592VW889;
				INFOPLIST_FILE = "Boat Control/Resources/Info.plist";
				IPHONEOS_DEPLOYMENT_TARGET = 9.3;
				LD_RUNPATH_SEARCH_PATHS = (
					"$(inherited)",
					"@executable_path/Frameworks",
				);
				PRODUCT_BUNDLE_IDENTIFIER = "com.arohanui.Boat-Control";
				PRODUCT_NAME = "$(TARGET_NAME)";
				SWIFT_VERSION = 4.0;
				TARGETED_DEVICE_FAMILY = 2;
			};
			name = Release;
		};
		D3B3EC9420DED75B004CBB9D /* Debug */ = {
			isa = XCBuildConfiguration;
			baseConfigurationReference = 0C4E67BC5D8EBEAD462D819B /* Pods-Boat ControlTests.debug.xcconfig */;
			buildSettings = {
				ALWAYS_EMBED_SWIFT_STANDARD_LIBRARIES = YES;
				BUNDLE_LOADER = "$(TEST_HOST)";
				CODE_SIGN_STYLE = Automatic;
				INFOPLIST_FILE = "Boat ControlTests/Info.plist";
				LD_RUNPATH_SEARCH_PATHS = (
					"$(inherited)",
					"@executable_path/Frameworks",
					"@loader_path/Frameworks",
				);
				PRODUCT_BUNDLE_IDENTIFIER = "com.arohanui.Boat-ControlTests";
				PRODUCT_NAME = "$(TARGET_NAME)";
				SWIFT_VERSION = 4.0;
				TARGETED_DEVICE_FAMILY = "1,2";
				TEST_HOST = "$(BUILT_PRODUCTS_DIR)/Boat Control.app/Boat Control";
			};
			name = Debug;
		};
		D3B3EC9520DED75B004CBB9D /* Release */ = {
			isa = XCBuildConfiguration;
			baseConfigurationReference = 1D7200835B283086B924912F /* Pods-Boat ControlTests.release.xcconfig */;
			buildSettings = {
				ALWAYS_EMBED_SWIFT_STANDARD_LIBRARIES = YES;
				BUNDLE_LOADER = "$(TEST_HOST)";
				CODE_SIGN_STYLE = Automatic;
				INFOPLIST_FILE = "Boat ControlTests/Info.plist";
				LD_RUNPATH_SEARCH_PATHS = (
					"$(inherited)",
					"@executable_path/Frameworks",
					"@loader_path/Frameworks",
				);
				PRODUCT_BUNDLE_IDENTIFIER = "com.arohanui.Boat-ControlTests";
				PRODUCT_NAME = "$(TARGET_NAME)";
				SWIFT_VERSION = 4.0;
				TARGETED_DEVICE_FAMILY = "1,2";
				TEST_HOST = "$(BUILT_PRODUCTS_DIR)/Boat Control.app/Boat Control";
			};
			name = Release;
		};
/* End XCBuildConfiguration section */

/* Begin XCConfigurationList section */
		D3B3EC6A20DED757004CBB9D /* Build configuration list for PBXProject "Boat Control" */ = {
			isa = XCConfigurationList;
			buildConfigurations = (
				D3B3EC8E20DED75B004CBB9D /* Debug */,
				D3B3EC8F20DED75B004CBB9D /* Release */,
			);
			defaultConfigurationIsVisible = 0;
			defaultConfigurationName = Release;
		};
		D3B3EC9020DED75B004CBB9D /* Build configuration list for PBXNativeTarget "Boat Control" */ = {
			isa = XCConfigurationList;
			buildConfigurations = (
				D3B3EC9120DED75B004CBB9D /* Debug */,
				D3B3EC9220DED75B004CBB9D /* Release */,
			);
			defaultConfigurationIsVisible = 0;
			defaultConfigurationName = Release;
		};
		D3B3EC9320DED75B004CBB9D /* Build configuration list for PBXNativeTarget "Boat ControlTests" */ = {
			isa = XCConfigurationList;
			buildConfigurations = (
				D3B3EC9420DED75B004CBB9D /* Debug */,
				D3B3EC9520DED75B004CBB9D /* Release */,
			);
			defaultConfigurationIsVisible = 0;
			defaultConfigurationName = Release;
		};
/* End XCConfigurationList section */
	};
	rootObject = D3B3EC6720DED757004CBB9D /* Project object */;
}
